
Microsoft Visual Studio Solution File, Format Version 12.00
# Visual Studio Version 16
VisualStudioVersion = 16.0.29728.190
MinimumVisualStudioVersion = 10.0.40219.1
Project("{FAE04EC0-301F-11D3-BF4B-00C04F79EFBC}") = "GraphqlController", "GraphqlController\GraphqlController.csproj", "{D83A3BE8-CC62-4113-8196-5B5F52162034}"
EndProject
Project("{FAE04EC0-301F-11D3-BF4B-00C04F79EFBC}") = "GraphQlController.Lab", "GraphQlController.Lab\GraphQlController.Lab.csproj", "{EB99B937-1B7B-4D56-BC4E-9278249E6E21}"
EndProject
Global
	GlobalSection(SolutionConfigurationPlatforms) = preSolution
		Debug|Any CPU = Debug|Any CPU
		Release|Any CPU = Release|Any CPU
	EndGlobalSection
	GlobalSection(ProjectConfigurationPlatforms) = postSolution
		{D83A3BE8-CC62-4113-8196-5B5F52162034}.Debug|Any CPU.ActiveCfg = Debug|Any CPU
		{D83A3BE8-CC62-4113-8196-5B5F52162034}.Debug|Any CPU.Build.0 = Debug|Any CPU
		{D83A3BE8-CC62-4113-8196-5B5F52162034}.Release|Any CPU.ActiveCfg = Release|Any CPU
		{D83A3BE8-CC62-4113-8196-5B5F52162034}.Release|Any CPU.Build.0 = Release|Any CPU
		{EB99B937-1B7B-4D56-BC4E-9278249E6E21}.Debug|Any CPU.ActiveCfg = Debug|Any CPU
		{EB99B937-1B7B-4D56-BC4E-9278249E6E21}.Debug|Any CPU.Build.0 = Debug|Any CPU
		{EB99B937-1B7B-4D56-BC4E-9278249E6E21}.Release|Any CPU.ActiveCfg = Release|Any CPU
		{EB99B937-1B7B-4D56-BC4E-9278249E6E21}.Release|Any CPU.Build.0 = Release|Any CPU
	EndGlobalSection
	GlobalSection(SolutionProperties) = preSolution
		HideSolutionNode = FALSE
	EndGlobalSection
	GlobalSection(ExtensibilityGlobals) = postSolution
		SolutionGuid = {DE8013B9-32F8-4DD9-80B4-96D304569413}
	EndGlobalSection
EndGlobal
