
Microsoft Visual Studio Solution File, Format Version 12.00
# Visual Studio Version 16
VisualStudioVersion = 16.0.29728.190
MinimumVisualStudioVersion = 10.0.40219.1
Project("{9A19103F-16F7-4668-BE54-9A1E7A4F7556}") = "GraphqlController", "GraphqlController\GraphqlController.csproj", "{D83A3BE8-CC62-4113-8196-5B5F52162034}"
EndProject
Project("{9A19103F-16F7-4668-BE54-9A1E7A4F7556}") = "GraphQlController.Lab", "GraphQlController.Lab\GraphQlController.Lab.csproj", "{EB99B937-1B7B-4D56-BC4E-9278249E6E21}"
EndProject
Project("{9A19103F-16F7-4668-BE54-9A1E7A4F7556}") = "GraphqlController.WebAppTest", "GraphqlController.WebAppTest\GraphqlController.WebAppTest.csproj", "{87772282-23F0-4DD8-AFE6-77D6B93DBCC2}"
EndProject
Project("{2150E333-8FDC-42A3-9474-1A3956D46DE8}") = "Solution Items", "Solution Items", "{759413C2-5AC4-4A14-9E66-FAD03D4BD4D0}"
	ProjectSection(SolutionItems) = preProject
		.editorconfig = .editorconfig
	EndProjectSection
EndProject
Global
	GlobalSection(SolutionConfigurationPlatforms) = preSolution
		Debug|Any CPU = Debug|Any CPU
		Release|Any CPU = Release|Any CPU
	EndGlobalSection
	GlobalSection(ProjectConfigurationPlatforms) = postSolution
		{D83A3BE8-CC62-4113-8196-5B5F52162034}.Debug|Any CPU.ActiveCfg = Debug|Any CPU
		{D83A3BE8-CC62-4113-8196-5B5F52162034}.Debug|Any CPU.Build.0 = Debug|Any CPU
		{D83A3BE8-CC62-4113-8196-5B5F52162034}.Release|Any CPU.ActiveCfg = Release|Any CPU
		{D83A3BE8-CC62-4113-8196-5B5F52162034}.Release|Any CPU.Build.0 = Release|Any CPU
		{EB99B937-1B7B-4D56-BC4E-9278249E6E21}.Debug|Any CPU.ActiveCfg = Debug|Any CPU
		{EB99B937-1B7B-4D56-BC4E-9278249E6E21}.Debug|Any CPU.Build.0 = Debug|Any CPU
		{EB99B937-1B7B-4D56-BC4E-9278249E6E21}.Release|Any CPU.ActiveCfg = Release|Any CPU
		{EB99B937-1B7B-4D56-BC4E-9278249E6E21}.Release|Any CPU.Build.0 = Release|Any CPU
		{87772282-23F0-4DD8-AFE6-77D6B93DBCC2}.Debug|Any CPU.ActiveCfg = Debug|Any CPU
		{87772282-23F0-4DD8-AFE6-77D6B93DBCC2}.Debug|Any CPU.Build.0 = Debug|Any CPU
		{87772282-23F0-4DD8-AFE6-77D6B93DBCC2}.Release|Any CPU.ActiveCfg = Release|Any CPU
		{87772282-23F0-4DD8-AFE6-77D6B93DBCC2}.Release|Any CPU.Build.0 = Release|Any CPU
	EndGlobalSection
	GlobalSection(SolutionProperties) = preSolution
		HideSolutionNode = FALSE
	EndGlobalSection
	GlobalSection(ExtensibilityGlobals) = postSolution
		SolutionGuid = {DE8013B9-32F8-4DD9-80B4-96D304569413}
	EndGlobalSection
EndGlobal
